
Microsoft Visual Studio Solution File, Format Version 12.00
# Visual Studio 15
VisualStudioVersion = 15.0.26228.102
MinimumVisualStudioVersion = 10.0.40219.1
Project("{FAE04EC0-301F-11D3-BF4B-00C04F79EFBC}") = "ipek", "ipek\ipek.csproj", "{A1C4A063-1587-4F27-A469-46C207E189F9}"
EndProject
Project("{FAE04EC0-301F-11D3-BF4B-00C04F79EFBC}") = "coskunn", "coskunn\coskunn.csproj", "{4D91B632-3C08-4FD8-8CAC-4F27DC071495}"
EndProject
Global
	GlobalSection(SolutionConfigurationPlatforms) = preSolution
		Debug|Any CPU = Debug|Any CPU
		Release|Any CPU = Release|Any CPU
	EndGlobalSection
	GlobalSection(ProjectConfigurationPlatforms) = postSolution
		{A1C4A063-1587-4F27-A469-46C207E189F9}.Debug|Any CPU.ActiveCfg = Debug|Any CPU
		{A1C4A063-1587-4F27-A469-46C207E189F9}.Debug|Any CPU.Build.0 = Debug|Any CPU
		{A1C4A063-1587-4F27-A469-46C207E189F9}.Release|Any CPU.ActiveCfg = Release|Any CPU
		{A1C4A063-1587-4F27-A469-46C207E189F9}.Release|Any CPU.Build.0 = Release|Any CPU
		{4D91B632-3C08-4FD8-8CAC-4F27DC071495}.Debug|Any CPU.ActiveCfg = Debug|Any CPU
		{4D91B632-3C08-4FD8-8CAC-4F27DC071495}.Debug|Any CPU.Build.0 = Debug|Any CPU
		{4D91B632-3C08-4FD8-8CAC-4F27DC071495}.Release|Any CPU.ActiveCfg = Release|Any CPU
		{4D91B632-3C08-4FD8-8CAC-4F27DC071495}.Release|Any CPU.Build.0 = Release|Any CPU
	EndGlobalSection
	GlobalSection(SolutionProperties) = preSolution
		HideSolutionNode = FALSE
	EndGlobalSection
EndGlobal
